version = 1
revision = 3
requires-python = ">=3.11"

[[package]]
name = "excalidraw-render"
version = "0.1.0"
source = { virtual = "." }
dependencies = [
    { name = "playwright" },
]

[package.metadata]
requires-dist = [{ name = "playwright", specifier = ">=1.40.0" }]

[[package]]
name = "greenlet"
version = "3.4.0"
source = { registry = "https://pypi.org/simple" }
sdist = { url = "https://files.pythonhosted.org/packages/86/94/a5935717b307d7c71fe877b52b884c6af707d2d2090db118a03fbd799369/greenlet-3.4.0.tar.gz", hash = "sha256:f50a96b64dafd6169e595a5c56c9146ef80333e67d4476a65a9c55f400fc22ff", size = 195913, upload-time = "2026-04-08T17:08:00.863Z" }
wheels = [
    { url = "https://files.pythonhosted.org/packages/fb/c6/dba32cab7e3a625b011aa5647486e2d28423a48845a2998c126dd69c85e1/greenlet-3.4.0-cp311-cp311-macosx_11_0_universal2.whl", hash = "sha256:805bebb4945094acbab757d34d6e1098be6de8966009ab9ca54f06ff492def58", size = 285504, upload-time = "2026-04-08T15:52:14.071Z" },
    { url = "https://files.pythonhosted.org/packages/54/f4/7cb5c2b1feb9a1f50e038be79980dfa969aa91979e5e3a18fdbcfad2c517/greenlet-3.4.0-cp311-cp311-manylinux_2_24_aarch64.manylinux_2_28_aarch64.whl", hash = "sha256:439fc2f12b9b512d9dfa681c5afe5f6b3232c708d13e6f02c845e0d9f4c2d8c6", size = 605476, upload-time = "2026-04-08T16:24:37.064Z" },
    { url = "https://files.pythonhosted.org/packages/d6/af/b66ab0b2f9a4c5a867c136bf66d9599f34f21a1bcca26a2884a29c450bd9/greenlet-3.4.0-cp311-cp311-manylinux_2_24_ppc64le.manylinux_2_28_ppc64le.whl", hash = "sha256:a70ed1cb0295bee1df57b63bf7f46b4e56a5c93709eea769c1fec1bb23a95875", size = 618336, upload-time = "2026-04-08T16:30:56.59Z" },
    { url = "https://files.pythonhosted.org/packages/6d/31/56c43d2b5de476f77d36ceeec436328533bff960a4cba9a07616e93063ab/greenlet-3.4.0-cp311-cp311-manylinux_2_24_s390x.manylinux_2_28_s390x.whl", hash = "sha256:8c5696c42e6bb5cfb7c6ff4453789081c66b9b91f061e5e9367fa15792644e76", size = 625045, upload-time = "2026-04-08T16:40:37.111Z" },
    { url = "https://files.pythonhosted.org/packages/e5/5c/8c5633ece6ba611d64bf2770219a98dd439921d6424e4e8cf16b0ac74ea5/greenlet-3.4.0-cp311-cp311-manylinux_2_24_x86_64.manylinux_2_28_x86_64.whl", hash = "sha256:c660bce1940a1acae5f51f0a064f1bc785d07ea16efcb4bc708090afc4d69e83", size = 613515, upload-time = "2026-04-08T15:56:32.478Z" },
    { url = "https://files.pythonhosted.org/packages/80/ca/704d4e2c90acb8bdf7ae593f5cbc95f58e82de95cc540fb75631c1054533/greenlet-3.4.0-cp311-cp311-manylinux_2_39_riscv64.whl", hash = "sha256:89995ce5ddcd2896d89615116dd39b9703bfa0c07b583b85b89bf1b5d6eddf81", size = 419745, upload-time = "2026-04-08T16:43:04.022Z" },
    { url = "https://files.pythonhosted.org/packages/a9/df/950d15bca0d90a0e7395eb777903060504cdb509b7b705631e8fb69ff415/greenlet-3.4.0-cp311-cp311-musllinux_1_2_aarch64.whl", hash = "sha256:ee407d4d1ca9dc632265aee1c8732c4a2d60adff848057cdebfe5fe94eb2c8a2", size = 1574623, upload-time = "2026-04-08T16:26:18.596Z" },
    { url = "https://files.pythonhosted.org/packages/1a/e7/0839afab829fcb7333c9ff6d80c040949510055d2d4d63251f0d1c7c804e/greenlet-3.4.0-cp311-cp311-musllinux_1_2_x86_64.whl", hash = "sha256:956215d5e355fffa7c021d168728321fd4d31fd730ac609b1653b450f6a4bc71", size = 1639579, upload-time = "2026-04-08T15:57:29.231Z" },
    { url = "https://files.pythonhosted.org/packages/d9/2b/b4482401e9bcaf9f5c97f67ead38db89c19520ff6d0d6699979c6efcc200/greenlet-3.4.0-cp311-cp311-win_amd64.whl", hash = "sha256:5cb614ace7c27571270354e9c9f696554d073f8aa9319079dcba466bbdead711", size = 238233, upload-time = "2026-04-08T17:02:54.286Z" },
    { url = "https://files.pythonhosted.org/packages/0c/4d/d8123a4e0bcd583d5cfc8ddae0bbe29c67aab96711be331a7cc935a35966/greenlet-3.4.0-cp311-cp311-win_arm64.whl", hash = "sha256:04403ac74fe295a361f650818de93be11b5038a78f49ccfb64d3b1be8fbf1267", size = 235045, upload-time = "2026-04-08T17:04:05.072Z" },
    { url = "https://files.pythonhosted.org/packages/65/8b/3669ad3b3f247a791b2b4aceb3aa5a31f5f6817bf547e4e1ff712338145a/greenlet-3.4.0-cp312-cp312-macosx_11_0_universal2.whl", hash = "sha256:1a54a921561dd9518d31d2d3db4d7f80e589083063ab4d3e2e950756ef809e1a", size = 286902, upload-time = "2026-04-08T15:52:12.138Z" },
    { url = "https://files.pythonhosted.org/packages/38/3e/3c0e19b82900873e2d8469b590a6c4b3dfd2b316d0591f1c26b38a4879a5/greenlet-3.4.0-cp312-cp312-manylinux_2_24_aarch64.manylinux_2_28_aarch64.whl", hash = "sha256:16dec271460a9a2b154e3b1c2fa1050ce6280878430320e85e08c166772e3f97", size = 606099, upload-time = "2026-04-08T16:24:38.408Z" },
    { url = "https://files.pythonhosted.org/packages/b5/33/99fef65e7754fc76a4ed14794074c38c9ed3394a5bd129d7f61b705f3168/greenlet-3.4.0-cp312-cp312-manylinux_2_24_ppc64le.manylinux_2_28_ppc64le.whl", hash = "sha256:90036ce224ed6fe75508c1907a77e4540176dcf0744473627785dd519c6f9996", size = 618837, upload-time = "2026-04-08T16:30:58.298Z" },
    { url = "https://files.pythonhosted.org/packages/44/57/eae2cac10421feae6c0987e3dc106c6d86262b1cb379e171b017aba893a6/greenlet-3.4.0-cp312-cp312-manylinux_2_24_s390x.manylinux_2_28_s390x.whl", hash = "sha256:6f0def07ec9a71d72315cf26c061aceee53b306c36ed38c35caba952ea1b319d", size = 624901, upload-time = "2026-04-08T16:40:38.981Z" },
    { url = "https://files.pythonhosted.org/packages/36/f7/229f3aed6948faa20e0616a0b8568da22e365ede6a54d7d369058b128afd/greenlet-3.4.0-cp312-cp312-manylinux_2_24_x86_64.manylinux_2_28_x86_64.whl", hash = "sha256:a1c4f6b453006efb8310affb2d132832e9bbb4fc01ce6df6b70d810d38f1f6dc", size = 615062, upload-time = "2026-04-08T15:56:33.766Z" },
    { url = "https://files.pythonhosted.org/packages/6a/8a/0e73c9b94f31d1cc257fe79a0eff621674141cdae7d6d00f40de378a1e42/greenlet-3.4.0-cp312-cp312-manylinux_2_39_riscv64.whl", hash = "sha256:0e1254cf0cbaa17b04320c3a78575f29f3c161ef38f59c977108f19ffddaf077", size = 423927, upload-time = "2026-04-08T16:43:05.293Z" },
    { url = "https://files.pythonhosted.org/packages/08/97/d988180011aa40135c46cd0d0cf01dd97f7162bae14139b4a3ef54889ba5/greenlet-3.4.0-cp312-cp312-musllinux_1_2_aarch64.whl", hash = "sha256:9b2d9a138ffa0e306d0e2b72976d2fb10b97e690d40ab36a472acaab0838e2de", size = 1573511, upload-time = "2026-04-08T16:26:20.058Z" },
    { url = "https://files.pythonhosted.org/packages/d4/0f/a5a26fe152fb3d12e6a474181f6e9848283504d0afd095f353d85726374b/greenlet-3.4.0-cp312-cp312-musllinux_1_2_x86_64.whl", hash = "sha256:8424683caf46eb0eb6f626cb95e008e8cc30d0cb675bdfa48200925c79b38a08", size = 1640396, upload-time = "2026-04-08T15:57:30.88Z" },
    { url = "https://files.pythonhosted.org/packages/42/cf/bb2c32d9a100e36ee9f6e38fad6b1e082b8184010cb06259b49e1266ca01/greenlet-3.4.0-cp312-cp312-win_amd64.whl", hash = "sha256:a0a53fb071531d003b075c444014ff8f8b1a9898d36bb88abd9ac7b3524648a2", size = 238892, upload-time = "2026-04-08T17:03:10.094Z" },
    { url = "https://files.pythonhosted.org/packages/b7/47/6c41314bac56e71436ce551c7fbe3cc830ed857e6aa9708dbb9c65142eb6/greenlet-3.4.0-cp312-cp312-win_arm64.whl", hash = "sha256:f38b81880ba28f232f1f675893a39cf7b6db25b31cc0a09bb50787ecf957e85e", size = 235599, upload-time = "2026-04-08T15:52:54.3Z" },
    { url = "https://files.pythonhosted.org/packages/7a/75/7e9cd1126a1e1f0cd67b0eda02e5221b28488d352684704a78ed505bd719/greenlet-3.4.0-cp313-cp313-macosx_11_0_universal2.whl", hash = "sha256:43748988b097f9c6f09364f260741aa73c80747f63389824435c7a50bfdfd5c1", size = 285856, upload-time = "2026-04-08T15:52:45.82Z" },
    { url = "https://files.pythonhosted.org/packages/9d/c4/3e2df392e5cb199527c4d9dbcaa75c14edcc394b45040f0189f649631e3c/greenlet-3.4.0-cp313-cp313-manylinux_2_24_aarch64.manylinux_2_28_aarch64.whl", hash = "sha256:5566e4e2cd7a880e8c27618e3eab20f3494452d12fd5129edef7b2f7aa9a36d1", size = 610208, upload-time = "2026-04-08T16:24:39.674Z" },
    { url = "https://files.pythonhosted.org/packages/da/af/750cdfda1d1bd30a6c28080245be8d0346e669a98fdbae7f4102aa95fff3/greenlet-3.4.0-cp313-cp313-manylinux_2_24_ppc64le.manylinux_2_28_ppc64le.whl", hash = "sha256:1054c5a3c78e2ab599d452f23f7adafef55062a783a8e241d24f3b633ba6ff82", size = 621269, upload-time = "2026-04-08T16:30:59.767Z" },
    { url = "https://files.pythonhosted.org/packages/e0/93/c8c508d68ba93232784bbc1b5474d92371f2897dfc6bc281b419f2e0d492/greenlet-3.4.0-cp313-cp313-manylinux_2_24_s390x.manylinux_2_28_s390x.whl", hash = "sha256:98eedd1803353daf1cd9ef23eef23eda5a4d22f99b1f998d273a8b78b70dd47f", size = 628455, upload-time = "2026-04-08T16:40:40.698Z" },
    { url = "https://files.pythonhosted.org/packages/54/78/0cbc693622cd54ebe25207efbb3a0eb07c2639cb8594f6e3aaaa0bb077a8/greenlet-3.4.0-cp313-cp313-manylinux_2_24_x86_64.manylinux_2_28_x86_64.whl", hash = "sha256:f82cb6cddc27dd81c96b1506f4aa7def15070c3b2a67d4e46fd19016aacce6cf", size = 617549, upload-time = "2026-04-08T15:56:34.893Z" },
    { url = "https://files.pythonhosted.org/packages/7f/46/cfaaa0ade435a60550fd83d07dfd5c41f873a01da17ede5c4cade0b9bab8/greenlet-3.4.0-cp313-cp313-manylinux_2_39_riscv64.whl", hash = "sha256:b7857e2202aae67bc5725e0c1f6403c20a8ff46094ece015e7d474f5f7020b55", size = 426238, upload-time = "2026-04-08T16:43:06.865Z" },
    { url = "https://files.pythonhosted.org/packages/ba/c0/8966767de01343c1ff47e8b855dc78e7d1a8ed2b7b9c83576a57e289f81d/greenlet-3.4.0-cp313-cp313-musllinux_1_2_aarch64.whl", hash = "sha256:227a46251ecba4ff46ae742bc5ce95c91d5aceb4b02f885487aff269c127a729", size = 1575310, upload-time = "2026-04-08T16:26:21.671Z" },
    { url = "https://files.pythonhosted.org/packages/b8/38/bcdc71ba05e9a5fda87f63ffc2abcd1f15693b659346df994a48c968003d/greenlet-3.4.0-cp313-cp313-musllinux_1_2_x86_64.whl", hash = "sha256:5b99e87be7eba788dd5b75ba1cde5639edffdec5f91fe0d734a249535ec3408c", size = 1640435, upload-time = "2026-04-08T15:57:32.572Z" },
    { url = "https://files.pythonhosted.org/packages/a1/c2/19b664b7173b9e4ef5f77e8cef9f14c20ec7fce7920dc1ccd7afd955d093/greenlet-3.4.0-cp313-cp313-win_amd64.whl", hash = "sha256:849f8bc17acd6295fcb5de8e46d55cc0e52381c56eaf50a2afd258e97bc65940", size = 238760, upload-time = "2026-04-08T17:04:03.878Z" },
    { url = "https://files.pythonhosted.org/packages/9b/96/795619651d39c7fbd809a522f881aa6f0ead504cc8201c3a5b789dfaef99/greenlet-3.4.0-cp313-cp313-win_arm64.whl", hash = "sha256:9390ad88b652b1903814eaabd629ca184db15e0eeb6fe8a390bbf8b9106ae15a", size = 235498, upload-time = "2026-04-08T17:05:00.584Z" },
    { url = "https://files.pythonhosted.org/packages/78/02/bde66806e8f169cf90b14d02c500c44cdbe02c8e224c9c67bafd1b8cadd1/greenlet-3.4.0-cp314-cp314-macosx_11_0_universal2.whl", hash = "sha256:10a07aca6babdd18c16a3f4f8880acfffc2b88dfe431ad6aa5f5740759d7d75e", size = 286291, upload-time = "2026-04-08T17:09:34.307Z" },
    { url = "https://files.pythonhosted.org/packages/05/1f/39da1c336a87d47c58352fb8a78541ce63d63ae57c5b9dae1fe02801bbc2/greenlet-3.4.0-cp314-cp314-manylinux_2_24_aarch64.manylinux_2_28_aarch64.whl", hash = "sha256:076e21040b3a917d3ce4ad68fb5c3c6b32f1405616c4a57aa83120979649bd3d", size = 656749, upload-time = "2026-04-08T16:24:41.721Z" },
    { url = "https://files.pythonhosted.org/packages/d3/6c/90ee29a4ee27af7aa2e2ec408799eeb69ee3fcc5abcecac6ddd07a5cd0f2/greenlet-3.4.0-cp314-cp314-manylinux_2_24_ppc64le.manylinux_2_28_ppc64le.whl", hash = "sha256:e82689eea4a237e530bb5cb41b180ef81fa2160e1f89422a67be7d90da67f615", size = 669084, upload-time = "2026-04-08T16:31:01.372Z" },
    { url = "https://files.pythonhosted.org/packages/d2/4a/74078d3936712cff6d3c91a930016f476ce4198d84e224fe6d81d3e02880/greenlet-3.4.0-cp314-cp314-manylinux_2_24_s390x.manylinux_2_28_s390x.whl", hash = "sha256:06c2d3b89e0c62ba50bd7adf491b14f39da9e7e701647cb7b9ff4c99bee04b19", size = 673405, upload-time = "2026-04-08T16:40:42.527Z" },
    { url = "https://files.pythonhosted.org/packages/07/49/d4cad6e5381a50947bb973d2f6cf6592621451b09368b8c20d9b8af49c5b/greenlet-3.4.0-cp314-cp314-manylinux_2_24_x86_64.manylinux_2_28_x86_64.whl", hash = "sha256:4df3b0b2289ec686d3c821a5fee44259c05cfe824dd5e6e12c8e5f5df23085cf", size = 665621, upload-time = "2026-04-08T15:56:35.995Z" },
    { url = "https://files.pythonhosted.org/packages/79/3e/df8a83ab894751bc31e1106fdfaa80ca9753222f106b04de93faaa55feb7/greenlet-3.4.0-cp314-cp314-manylinux_2_39_riscv64.whl", hash = "sha256:070b8bac2ff3b4d9e0ff36a0d19e42103331d9737e8504747cd1e659f76297bd", size = 471670, upload-time = "2026-04-08T16:43:08.512Z" },
    { url = "https://files.pythonhosted.org/packages/37/31/d1edd54f424761b5d47718822f506b435b6aab2f3f93b465441143ea5119/greenlet-3.4.0-cp314-cp314-musllinux_1_2_aarch64.whl", hash = "sha256:8bff29d586ea415688f4cec96a591fcc3bf762d046a796cdadc1fdb6e7f2d5bf", size = 1622259, upload-time = "2026-04-08T16:26:23.201Z" },
    { url = "https://files.pythonhosted.org/packages/b0/c6/6d3f9cdcb21c4e12a79cb332579f1c6aa1af78eb68059c5a957c7812d95e/greenlet-3.4.0-cp314-cp314-musllinux_1_2_x86_64.whl", hash = "sha256:8a569c2fb840c53c13a2b8967c63621fafbd1a0e015b9c82f408c33d626a2fda", size = 1686916, upload-time = "2026-04-08T15:57:34.282Z" },
    { url = "https://files.pythonhosted.org/packages/63/45/c1ca4a1ad975de4727e52d3ffe641ae23e1d7a8ffaa8ff7a0477e1827b92/greenlet-3.4.0-cp314-cp314-win_amd64.whl", hash = "sha256:207ba5b97ea8b0b60eb43ffcacf26969dd83726095161d676aac03ff913ee50d", size = 239821, upload-time = "2026-04-08T17:03:48.423Z" },
    { url = "https://files.pythonhosted.org/packages/71/c4/6f621023364d7e85a4769c014c8982f98053246d142420e0328980933ceb/greenlet-3.4.0-cp314-cp314-win_arm64.whl", hash = "sha256:f8296d4e2b92af34ebde81085a01690f26a51eb9ac09a0fcadb331eb36dbc802", size = 236932, upload-time = "2026-04-08T17:04:33.551Z" },
    { url = "https://files.pythonhosted.org/packages/d4/8f/18d72b629783f5e8d045a76f5325c1e938e659a9e4da79c7dcd10169a48d/greenlet-3.4.0-cp314-cp314t-macosx_11_0_universal2.whl", hash = "sha256:d70012e51df2dbbccfaf63a40aaf9b40c8bed37c3e3a38751c926301ce538ece", size = 294681, upload-time = "2026-04-08T15:52:35.778Z" },
    { url = "https://files.pythonhosted.org/packages/9e/ad/5fa86ec46769c4153820d58a04062285b3b9e10ba3d461ee257b68dcbf53/greenlet-3.4.0-cp314-cp314t-manylinux_2_24_aarch64.manylinux_2_28_aarch64.whl", hash = "sha256:a58bec0751f43068cd40cff31bb3ca02ad6000b3a51ca81367af4eb5abc480c8", size = 658899, upload-time = "2026-04-08T16:24:43.32Z" },
    { url = "https://files.pythonhosted.org/packages/43/f0/4e8174ca0e87ae748c409f055a1ba161038c43cc0a5a6f1433a26ac2e5bf/greenlet-3.4.0-cp314-cp314t-manylinux_2_24_ppc64le.manylinux_2_28_ppc64le.whl", hash = "sha256:05fa0803561028f4b2e3b490ee41216a842eaee11aed004cc343a996d9523aa2", size = 665284, upload-time = "2026-04-08T16:31:02.833Z" },
    { url = "https://files.pythonhosted.org/packages/ef/92/466b0d9afd44b8af623139a3599d651c7564fa4152f25f117e1ee5949ffb/greenlet-3.4.0-cp314-cp314t-manylinux_2_24_s390x.manylinux_2_28_s390x.whl", hash = "sha256:c4cd56a9eb7a6444edbc19062f7b6fbc8f287c663b946e3171d899693b1c19fa", size = 665872, upload-time = "2026-04-08T16:40:43.912Z" },
    { url = "https://files.pythonhosted.org/packages/19/da/991cf7cd33662e2df92a1274b7eb4d61769294d38a1bba8a45f31364845e/greenlet-3.4.0-cp314-cp314t-manylinux_2_24_x86_64.manylinux_2_28_x86_64.whl", hash = "sha256:e60d38719cb80b3ab5e85f9f1aed4960acfde09868af6762ccb27b260d68f4ed", size = 661861, upload-time = "2026-04-08T15:56:37.269Z" },
    { url = "https://files.pythonhosted.org/packages/0d/14/3395a7ef3e260de0325152ddfe19dffb3e49fe10873b94654352b53ad48e/greenlet-3.4.0-cp314-cp314t-manylinux_2_39_riscv64.whl", hash = "sha256:1f85f204c4d54134ae850d401fa435c89cd667d5ce9dc567571776b45941af72", size = 489237, upload-time = "2026-04-08T16:43:09.993Z" },
    { url = "https://files.pythonhosted.org/packages/36/c5/6c2c708e14db3d9caea4b459d8464f58c32047451142fe2cfd90e7458f41/greenlet-3.4.0-cp314-cp314t-musllinux_1_2_aarch64.whl", hash = "sha256:7f50c804733b43eded05ae694691c9aa68bca7d0a867d67d4a3f514742a2d53f", size = 1622182, upload-time = "2026-04-08T16:26:24.777Z" },
    { url = "https://files.pythonhosted.org/packages/7a/4c/50c5fed19378e11a29fabab1f6be39ea95358f4a0a07e115a51ca93385d8/greenlet-3.4.0-cp314-cp314t-musllinux_1_2_x86_64.whl", hash = "sha256:2d4f0635dc4aa638cda4b2f5a07ae9a2cff9280327b581a3fcb6f317b4fbc38a", size = 1685050, upload-time = "2026-04-08T15:57:36.453Z" },
    { url = "https://files.pythonhosted.org/packages/db/72/85ae954d734703ab48e622c59d4ce35d77ce840c265814af9c078cacc7aa/greenlet-3.4.0-cp314-cp314t-win_amd64.whl", hash = "sha256:1a4a48f24681300c640f143ba7c404270e1ebbbcf34331d7104a4ff40f8ea705", size = 245554, upload-time = "2026-04-08T17:03:50.044Z" },
]

[[package]]
name = "playwright"
version = "1.58.0"
source = { registry = "https://pypi.org/simple" }
dependencies = [
    { name = "greenlet" },
    { name = "pyee" },
]
wheels = [
    { url = "https://files.pythonhosted.org/packages/f8/c9/9c6061d5703267f1baae6a4647bfd1862e386fbfdb97d889f6f6ae9e3f64/playwright-1.58.0-py3-none-macosx_10_13_x86_64.whl", hash = "sha256:96e3204aac292ee639edbfdef6298b4be2ea0a55a16b7068df91adac077cc606", size = 42251098, upload-time = "2026-01-30T15:09:24.028Z" },
    { url = "https://files.pythonhosted.org/packages/e0/40/59d34a756e02f8c670f0fee987d46f7ee53d05447d43cd114ca015cb168c/playwright-1.58.0-py3-none-macosx_11_0_arm64.whl", hash = "sha256:70c763694739d28df71ed578b9c8202bb83e8fe8fb9268c04dd13afe36301f71", size = 41039625, upload-time = "2026-01-30T15:09:27.558Z" },
    { url = "https://files.pythonhosted.org/packages/e1/ee/3ce6209c9c74a650aac9028c621f357a34ea5cd4d950700f8e2c4b7fe2c4/playwright-1.58.0-py3-none-macosx_11_0_universal2.whl", hash = "sha256:185e0132578733d02802dfddfbbc35f42be23a45ff49ccae5081f25952238117", size = 42251098, upload-time = "2026-01-30T15:09:30.461Z" },
    { url = "https://files.pythonhosted.org/packages/f1/af/009958cbf23fac551a940d34e3206e6c7eed2b8c940d0c3afd1feb0b0589/playwright-1.58.0-py3-none-manylinux1_x86_64.whl", hash = "sha256:c95568ba1eda83812598c1dc9be60b4406dffd60b149bc1536180ad108723d6b", size = 46235268, upload-time = "2026-01-30T15:09:33.787Z" },
    { url = "https://files.pythonhosted.org/packages/d9/a6/0e66ad04b6d3440dae73efb39540c5685c5fc95b17c8b29340b62abbd952/playwright-1.58.0-py3-none-manylinux_2_17_aarch64.manylinux2014_aarch64.whl", hash = "sha256:8f9999948f1ab541d98812de25e3a8c410776aa516d948807140aff797b4bffa", size = 45964214, upload-time = "2026-01-30T15:09:36.751Z" },
    { url = "https://files.pythonhosted.org/packages/0e/4b/236e60ab9f6d62ed0fd32150d61f1f494cefbf02304c0061e78ed80c1c32/playwright-1.58.0-py3-none-win32.whl", hash = "sha256:1e03be090e75a0fabbdaeab65ce17c308c425d879fa48bb1d7986f96bfad0b99", size = 36815998, upload-time = "2026-01-30T15:09:39.627Z" },
    { url = "https://files.pythonhosted.org/packages/41/f8/5ec599c5e59d2f2f336a05b4f318e733077cd5044f24adb6f86900c3e6a7/playwright-1.58.0-py3-none-win_amd64.whl", hash = "sha256:a2bf639d0ce33b3ba38de777e08697b0d8f3dc07ab6802e4ac53fb65e3907af8", size = 36816005, upload-time = "2026-01-30T15:09:42.449Z" },
    { url = "https://files.pythonhosted.org/packages/c8/c4/cc0229fea55c87d6c9c67fe44a21e2cd28d1d558a5478ed4d617e9fb0c93/playwright-1.58.0-py3-none-win_arm64.whl", hash = "sha256:32ffe5c303901a13a0ecab91d1c3f74baf73b84f4bedbb6b935f5bc11cc98e1b", size = 33085919, upload-time = "2026-01-30T15:09:45.71Z" },
]

[[package]]
name = "pyee"
version = "13.0.1"
source = { registry = "https://pypi.org/simple" }
dependencies = [
    { name = "typing-extensions" },
]
sdist = { url = "https://files.pythonhosted.org/packages/8b/04/e7c1fe4dc78a6fdbfd6c337b1c3732ff543b8a397683ab38378447baa331/pyee-13.0.1.tar.gz", hash = "sha256:0b931f7c14535667ed4c7e0d531716368715e860b988770fc7eb8578d1f67fc8", size = 31655, upload-time = "2026-02-14T21:12:28.044Z" }
wheels = [
    { url = "https://files.pythonhosted.org/packages/a0/c4/b4d4827c93ef43c01f599ef31453ccc1c132b353284fc6c87d535c233129/pyee-13.0.1-py3-none-any.whl", hash = "sha256:af2f8fede4171ef667dfded53f96e2ed0d6e6bd7ee3bb46437f77e3b57689228", size = 15659, upload-time = "2026-02-14T21:12:26.263Z" },
]

[[package]]
name = "typing-extensions"
version = "4.15.0"
source = { registry = "https://pypi.org/simple" }
sdist = { url = "https://files.pythonhosted.org/packages/72/94/1a15dd82efb362ac84269196e94cf00f187f7ed21c242792a923cdb1c61f/typing_extensions-4.15.0.tar.gz", hash = "sha256:0cea48d173cc12fa28ecabc3b837ea3cf6f38c6d1136f85cbaaf598984861466", size = 109391, upload-time = "2025-08-25T13:49:26.313Z" }
wheels = [
    { url = "https://files.pythonhosted.org/packages/18/67/36e9267722cc04a6b9f15c7f3441c2363321a3ea07da7ae0c0707beb2a9c/typing_extensions-4.15.0-py3-none-any.whl", hash = "sha256:f0fa19c6845758ab08074a0cfa8b7aecb71c999ca73d62883bc25cc018c4e548", size = 44614, upload-time = "2025-08-25T13:49:24.86Z" },
]
